
Microsoft Visual Studio Solution File, Format Version 12.00
# Visual Studio Version 17
VisualStudioVersion = 17.7.34031.279
MinimumVisualStudioVersion = 10.0.40219.1
Project("{2150E333-8FDC-42A3-9474-1A3956D46DE8}") = "Services", "Services", "{B14996E6-F98E-4FE0-9E38-F74D5B58DFBD}"
EndProject
Project("{2150E333-8FDC-42A3-9474-1A3956D46DE8}") = "Catalog", "Catalog", "{F6B75184-BE19-4496-99A9-74EE43AB868C}"
EndProject
Project("{9A19103F-16F7-4668-BE54-9A1E7A4F7556}") = "FreeCourse.Services.Catalog", "Services\Catalog\FreeCourse.Services.Catalog\FreeCourse.Services.Catalog.csproj", "{4A744C91-5A8E-49D6-8458-A579B8CA69A0}"
EndProject
Project("{2150E333-8FDC-42A3-9474-1A3956D46DE8}") = "Solution Items", "Solution Items", "{D4536244-7DAD-49B6-9573-790F5F4C16AE}"
	ProjectSection(SolutionItems) = preProject
		Ports.txt = Ports.txt
	EndProjectSection
EndProject
Project("{2150E333-8FDC-42A3-9474-1A3956D46DE8}") = "Shared", "Shared", "{2B11912C-AD7D-456C-8BB6-1A4B30AFBF0B}"
EndProject
Project("{9A19103F-16F7-4668-BE54-9A1E7A4F7556}") = "FreeCourse.Shared", "Shared\FreeCourse.Shared\FreeCourse.Shared.csproj", "{3AD68ED3-BF45-47BE-8CFA-E169901DE3E3}"
EndProject
Project("{2150E333-8FDC-42A3-9474-1A3956D46DE8}") = "IdentityServer", "IdentityServer", "{4D38126E-6BD4-4A39-A17D-834812E9923E}"
EndProject
Project("{9A19103F-16F7-4668-BE54-9A1E7A4F7556}") = "FreeCourse.IdentityServer", "IdentityServer\FreeCourse.IdentityServer\FreeCourse.IdentityServer.csproj", "{F94CD614-2129-4FE2-A3E6-98011206F4B4}"
EndProject
Project("{2150E333-8FDC-42A3-9474-1A3956D46DE8}") = "PhotoStock", "PhotoStock", "{AACDDDD5-1C90-4223-8B84-DA5E145E0317}"
EndProject
Project("{9A19103F-16F7-4668-BE54-9A1E7A4F7556}") = "FreeCourse.Services.PhotoStock", "Services\PhotoStock\FreeCourse.Services.PhotoStock\FreeCourse.Services.PhotoStock.csproj", "{5C8F4801-14E3-451C-AF06-DD887CA3356C}"
EndProject
Project("{2150E333-8FDC-42A3-9474-1A3956D46DE8}") = "Basket", "Basket", "{95B34A7B-9129-478D-ACD0-4B7F7A91A8B3}"
EndProject
Project("{FAE04EC0-301F-11D3-BF4B-00C04F79EFBC}") = "FreeCourse.Services.Basket", "Services\Basket\FreeCourse.Services.Basket\FreeCourse.Services.Basket.csproj", "{2B02DDA2-6BC4-4106-812F-85B2E08290D3}"
EndProject
Global
	GlobalSection(SolutionConfigurationPlatforms) = preSolution
		Debug|Any CPU = Debug|Any CPU
		Release|Any CPU = Release|Any CPU
	EndGlobalSection
	GlobalSection(ProjectConfigurationPlatforms) = postSolution
		{4A744C91-5A8E-49D6-8458-A579B8CA69A0}.Debug|Any CPU.ActiveCfg = Debug|Any CPU
		{4A744C91-5A8E-49D6-8458-A579B8CA69A0}.Debug|Any CPU.Build.0 = Debug|Any CPU
		{4A744C91-5A8E-49D6-8458-A579B8CA69A0}.Release|Any CPU.ActiveCfg = Release|Any CPU
		{4A744C91-5A8E-49D6-8458-A579B8CA69A0}.Release|Any CPU.Build.0 = Release|Any CPU
		{3AD68ED3-BF45-47BE-8CFA-E169901DE3E3}.Debug|Any CPU.ActiveCfg = Debug|Any CPU
		{3AD68ED3-BF45-47BE-8CFA-E169901DE3E3}.Debug|Any CPU.Build.0 = Debug|Any CPU
		{3AD68ED3-BF45-47BE-8CFA-E169901DE3E3}.Release|Any CPU.ActiveCfg = Release|Any CPU
		{3AD68ED3-BF45-47BE-8CFA-E169901DE3E3}.Release|Any CPU.Build.0 = Release|Any CPU
		{F94CD614-2129-4FE2-A3E6-98011206F4B4}.Debug|Any CPU.ActiveCfg = Debug|Any CPU
		{F94CD614-2129-4FE2-A3E6-98011206F4B4}.Debug|Any CPU.Build.0 = Debug|Any CPU
		{F94CD614-2129-4FE2-A3E6-98011206F4B4}.Release|Any CPU.ActiveCfg = Release|Any CPU
		{F94CD614-2129-4FE2-A3E6-98011206F4B4}.Release|Any CPU.Build.0 = Release|Any CPU
		{5C8F4801-14E3-451C-AF06-DD887CA3356C}.Debug|Any CPU.ActiveCfg = Debug|Any CPU
		{5C8F4801-14E3-451C-AF06-DD887CA3356C}.Debug|Any CPU.Build.0 = Debug|Any CPU
		{5C8F4801-14E3-451C-AF06-DD887CA3356C}.Release|Any CPU.ActiveCfg = Release|Any CPU
		{5C8F4801-14E3-451C-AF06-DD887CA3356C}.Release|Any CPU.Build.0 = Release|Any CPU
		{2B02DDA2-6BC4-4106-812F-85B2E08290D3}.Debug|Any CPU.ActiveCfg = Debug|Any CPU
		{2B02DDA2-6BC4-4106-812F-85B2E08290D3}.Debug|Any CPU.Build.0 = Debug|Any CPU
		{2B02DDA2-6BC4-4106-812F-85B2E08290D3}.Release|Any CPU.ActiveCfg = Release|Any CPU
		{2B02DDA2-6BC4-4106-812F-85B2E08290D3}.Release|Any CPU.Build.0 = Release|Any CPU
	EndGlobalSection
	GlobalSection(SolutionProperties) = preSolution
		HideSolutionNode = FALSE
	EndGlobalSection
	GlobalSection(NestedProjects) = preSolution
		{F6B75184-BE19-4496-99A9-74EE43AB868C} = {B14996E6-F98E-4FE0-9E38-F74D5B58DFBD}
		{4A744C91-5A8E-49D6-8458-A579B8CA69A0} = {F6B75184-BE19-4496-99A9-74EE43AB868C}
		{3AD68ED3-BF45-47BE-8CFA-E169901DE3E3} = {2B11912C-AD7D-456C-8BB6-1A4B30AFBF0B}
		{F94CD614-2129-4FE2-A3E6-98011206F4B4} = {4D38126E-6BD4-4A39-A17D-834812E9923E}
		{AACDDDD5-1C90-4223-8B84-DA5E145E0317} = {B14996E6-F98E-4FE0-9E38-F74D5B58DFBD}
		{5C8F4801-14E3-451C-AF06-DD887CA3356C} = {AACDDDD5-1C90-4223-8B84-DA5E145E0317}
		{95B34A7B-9129-478D-ACD0-4B7F7A91A8B3} = {B14996E6-F98E-4FE0-9E38-F74D5B58DFBD}
		{2B02DDA2-6BC4-4106-812F-85B2E08290D3} = {95B34A7B-9129-478D-ACD0-4B7F7A91A8B3}
	EndGlobalSection
	GlobalSection(ExtensibilityGlobals) = postSolution
		SolutionGuid = {7C7B5E34-8399-4BD1-ABB7-52118255AD13}
	EndGlobalSection
EndGlobal
